{
  "pins" : [
    {
      "identity" : "preludepackage",
      "kind" : "remoteSourceControl",
      "location" : "https://github.com/Fiser12/PreludePackage",
      "state" : {
        "revision" : "7d35677ab4b5c8f186b7256061e6ea4ebe8dc805",
        "version" : "0.0.2"
      }
    },
    {
      "identity" : "synctioncore",
      "kind" : "remoteSourceControl",
      "location" : "https://github.com/Fiser12/SyncTionCore",
      "state" : {
        "revision" : "9beb9620fbee420d8bd8f45961ee9db8f45c9dc1",
        "version" : "0.1.5"
      }
    }
  ],
  "version" : 2
}
